// !$*UTF8*$!
{
	archiveVersion = 1;
	classes = {
	};
	objectVersion = 50;
	objects = {

/* Begin PBXBuildFile section */
		3F4B4E0221B68C88009AFA71 /* ProviderViewController.swift in Sources */ = {isa = PBXBuildFile; fileRef = 3F4B4E0121B68C88009AFA71 /* ProviderViewController.swift */; };
		3F9BF83921AD520D00B1E441 /* FoodListByTypeViewController.swift in Sources */ = {isa = PBXBuildFile; fileRef = 3F9BF83821AD520D00B1E441 /* FoodListByTypeViewController.swift */; };
		C6F7B51A21BC207100F8BB00 /* Dish+CoreDataClass.swift in Sources */ = {isa = PBXBuildFile; fileRef = C6F7B51621BC207100F8BB00 /* Dish+CoreDataClass.swift */; };
		C6F7B51B21BC207100F8BB00 /* Dish+CoreDataProperties.swift in Sources */ = {isa = PBXBuildFile; fileRef = C6F7B51721BC207100F8BB00 /* Dish+CoreDataProperties.swift */; };
		C6F7B51C21BC207100F8BB00 /* Provider+CoreDataClass.swift in Sources */ = {isa = PBXBuildFile; fileRef = C6F7B51821BC207100F8BB00 /* Provider+CoreDataClass.swift */; };
		C6F7B51D21BC207100F8BB00 /* Provider+CoreDataProperties.swift in Sources */ = {isa = PBXBuildFile; fileRef = C6F7B51921BC207100F8BB00 /* Provider+CoreDataProperties.swift */; };
		C6F9E59421AC8C29005B3250 /* AppDelegate.swift in Sources */ = {isa = PBXBuildFile; fileRef = C6F9E59321AC8C29005B3250 /* AppDelegate.swift */; };
		C6F9E59621AC8C29005B3250 /* ViewController.swift in Sources */ = {isa = PBXBuildFile; fileRef = C6F9E59521AC8C29005B3250 /* ViewController.swift */; };
		C6F9E59921AC8C29005B3250 /* Main.storyboard in Resources */ = {isa = PBXBuildFile; fileRef = C6F9E59721AC8C29005B3250 /* Main.storyboard */; };
		C6F9E59C21AC8C29005B3250 /* Food.xcdatamodeld in Sources */ = {isa = PBXBuildFile; fileRef = C6F9E59A21AC8C29005B3250 /* Food.xcdatamodeld */; };
		C6F9E59E21AC8C2D005B3250 /* Assets.xcassets in Resources */ = {isa = PBXBuildFile; fileRef = C6F9E59D21AC8C2D005B3250 /* Assets.xcassets */; };
		C6F9E5A121AC8C2D005B3250 /* LaunchScreen.storyboard in Resources */ = {isa = PBXBuildFile; fileRef = C6F9E59F21AC8C2D005B3250 /* LaunchScreen.storyboard */; };
		C6F9E5A921AC93D6005B3250 /* DetailsViewController.swift in Sources */ = {isa = PBXBuildFile; fileRef = C6F9E5A821AC93D6005B3250 /* DetailsViewController.swift */; };
/* End PBXBuildFile section */

/* Begin PBXFileReference section */
		3F4B4E0121B68C88009AFA71 /* ProviderViewController.swift */ = {isa = PBXFileReference; lastKnownFileType = sourcecode.swift; path = ProviderViewController.swift; sourceTree = "<group>"; };
		3F9BF83821AD520D00B1E441 /* FoodListByTypeViewController.swift */ = {isa = PBXFileReference; lastKnownFileType = sourcecode.swift; path = FoodListByTypeViewController.swift; sourceTree = "<group>"; };
		C6F7B51621BC207100F8BB00 /* Dish+CoreDataClass.swift */ = {isa = PBXFileReference; lastKnownFileType = sourcecode.swift; path = "Dish+CoreDataClass.swift"; sourceTree = "<group>"; };
		C6F7B51721BC207100F8BB00 /* Dish+CoreDataProperties.swift */ = {isa = PBXFileReference; lastKnownFileType = sourcecode.swift; path = "Dish+CoreDataProperties.swift"; sourceTree = "<group>"; };
		C6F7B51821BC207100F8BB00 /* Provider+CoreDataClass.swift */ = {isa = PBXFileReference; lastKnownFileType = sourcecode.swift; path = "Provider+CoreDataClass.swift"; sourceTree = "<group>"; };
		C6F7B51921BC207100F8BB00 /* Provider+CoreDataProperties.swift */ = {isa = PBXFileReference; lastKnownFileType = sourcecode.swift; path = "Provider+CoreDataProperties.swift"; sourceTree = "<group>"; };
		C6F9E59021AC8C29005B3250 /* Food.app */ = {isa = PBXFileReference; explicitFileType = wrapper.application; includeInIndex = 0; path = Food.app; sourceTree = BUILT_PRODUCTS_DIR; };
		C6F9E59321AC8C29005B3250 /* AppDelegate.swift */ = {isa = PBXFileReference; lastKnownFileType = sourcecode.swift; path = AppDelegate.swift; sourceTree = "<group>"; };
		C6F9E59521AC8C29005B3250 /* ViewController.swift */ = {isa = PBXFileReference; lastKnownFileType = sourcecode.swift; path = ViewController.swift; sourceTree = "<group>"; };
		C6F9E59821AC8C29005B3250 /* Base */ = {isa = PBXFileReference; lastKnownFileType = file.storyboard; name = Base; path = Base.lproj/Main.storyboard; sourceTree = "<group>"; };
		C6F9E59B21AC8C29005B3250 /* Food.xcdatamodel */ = {isa = PBXFileReference; lastKnownFileType = wrapper.xcdatamodel; path = Food.xcdatamodel; sourceTree = "<group>"; };
		C6F9E59D21AC8C2D005B3250 /* Assets.xcassets */ = {isa = PBXFileReference; lastKnownFileType = folder.assetcatalog; path = Assets.xcassets; sourceTree = "<group>"; };
		C6F9E5A021AC8C2D005B3250 /* Base */ = {isa = PBXFileReference; lastKnownFileType = file.storyboard; name = Base; path = Base.lproj/LaunchScreen.storyboard; sourceTree = "<group>"; };
		C6F9E5A221AC8C2D005B3250 /* Info.plist */ = {isa = PBXFileReference; lastKnownFileType = text.plist.xml; path = Info.plist; sourceTree = "<group>"; };
		C6F9E5A821AC93D6005B3250 /* DetailsViewController.swift */ = {isa = PBXFileReference; lastKnownFileType = sourcecode.swift; path = DetailsViewController.swift; sourceTree = "<group>"; };
/* End PBXFileReference section */

/* Begin PBXFrameworksBuildPhase section */
		C6F9E58D21AC8C29005B3250 /* Frameworks */ = {
			isa = PBXFrameworksBuildPhase;
			buildActionMask = 2147483647;
			files = (
			);
			runOnlyForDeploymentPostprocessing = 0;
		};
/* End PBXFrameworksBuildPhase section */

/* Begin PBXGroup section */
		C6F9E58721AC8C29005B3250 = {
			isa = PBXGroup;
			children = (
				C6F9E59221AC8C29005B3250 /* Food */,
				C6F9E59121AC8C29005B3250 /* Products */,
			);
			sourceTree = "<group>";
		};
		C6F9E59121AC8C29005B3250 /* Products */ = {
			isa = PBXGroup;
			children = (
				C6F9E59021AC8C29005B3250 /* Food.app */,
			);
			name = Products;
			sourceTree = "<group>";
		};
		C6F9E59221AC8C29005B3250 /* Food */ = {
			isa = PBXGroup;
			children = (
				C6F7B51621BC207100F8BB00 /* Dish+CoreDataClass.swift */,
				C6F7B51721BC207100F8BB00 /* Dish+CoreDataProperties.swift */,
				C6F7B51821BC207100F8BB00 /* Provider+CoreDataClass.swift */,
				C6F7B51921BC207100F8BB00 /* Provider+CoreDataProperties.swift */,
				C6F9E59321AC8C29005B3250 /* AppDelegate.swift */,
				C6F9E59521AC8C29005B3250 /* ViewController.swift */,
				3F9BF83821AD520D00B1E441 /* FoodListByTypeViewController.swift */,
				C6F9E5A821AC93D6005B3250 /* DetailsViewController.swift */,
				C6F9E59721AC8C29005B3250 /* Main.storyboard */,
				3F4B4E0121B68C88009AFA71 /* ProviderViewController.swift */,
				C6F9E59D21AC8C2D005B3250 /* Assets.xcassets */,
				C6F9E59F21AC8C2D005B3250 /* LaunchScreen.storyboard */,
				C6F9E5A221AC8C2D005B3250 /* Info.plist */,
				C6F9E59A21AC8C29005B3250 /* Food.xcdatamodeld */,
			);
			path = Food;
			sourceTree = "<group>";
		};
/* End PBXGroup section */

/* Begin PBXNativeTarget section */
		C6F9E58F21AC8C29005B3250 /* Food */ = {
			isa = PBXNativeTarget;
			buildConfigurationList = C6F9E5A521AC8C2D005B3250 /* Build configuration list for PBXNativeTarget "Food" */;
			buildPhases = (
				C6F9E58C21AC8C29005B3250 /* Sources */,
				C6F9E58D21AC8C29005B3250 /* Frameworks */,
				C6F9E58E21AC8C29005B3250 /* Resources */,
			);
			buildRules = (
			);
			dependencies = (
			);
			name = Food;
			productName = Food;
			productReference = C6F9E59021AC8C29005B3250 /* Food.app */;
			productType = "com.apple.product-type.application";
		};
/* End PBXNativeTarget section */

/* Begin PBXProject section */
		C6F9E58821AC8C29005B3250 /* Project object */ = {
			isa = PBXProject;
			attributes = {
				LastSwiftUpdateCheck = 1000;
				LastUpgradeCheck = 1000;
				ORGANIZATIONNAME = sfedu;
				TargetAttributes = {
					C6F9E58F21AC8C29005B3250 = {
						CreatedOnToolsVersion = 10.0;
					};
				};
			};
			buildConfigurationList = C6F9E58B21AC8C29005B3250 /* Build configuration list for PBXProject "Food" */;
			compatibilityVersion = "Xcode 9.3";
			developmentRegion = en;
			hasScannedForEncodings = 0;
			knownRegions = (
				en,
				Base,
			);
			mainGroup = C6F9E58721AC8C29005B3250;
			productRefGroup = C6F9E59121AC8C29005B3250 /* Products */;
			projectDirPath = "";
			projectRoot = "";
			targets = (
				C6F9E58F21AC8C29005B3250 /* Food */,
			);
		};
/* End PBXProject section */

/* Begin PBXResourcesBuildPhase section */
		C6F9E58E21AC8C29005B3250 /* Resources */ = {
			isa = PBXResourcesBuildPhase;
			buildActionMask = 2147483647;
			files = (
				C6F9E5A121AC8C2D005B3250 /* LaunchScreen.storyboard in Resources */,
				C6F9E59E21AC8C2D005B3250 /* Assets.xcassets in Resources */,
				C6F9E59921AC8C29005B3250 /* Main.storyboard in Resources */,
			);
			runOnlyForDeploymentPostprocessing = 0;
		};
/* End PBXResourcesBuildPhase section */

/* Begin PBXSourcesBuildPhase section */
		C6F9E58C21AC8C29005B3250 /* Sources */ = {
			isa = PBXSourcesBuildPhase;
			buildActionMask = 2147483647;
			files = (
				C6F7B51A21BC207100F8BB00 /* Dish+CoreDataClass.swift in Sources */,
				3F9BF83921AD520D00B1E441 /* FoodListByTypeViewController.swift in Sources */,
				C6F9E59621AC8C29005B3250 /* ViewController.swift in Sources */,
				C6F7B51B21BC207100F8BB00 /* Dish+CoreDataProperties.swift in Sources */,
				C6F9E59421AC8C29005B3250 /* AppDelegate.swift in Sources */,
				3F4B4E0221B68C88009AFA71 /* ProviderViewController.swift in Sources */,
				C6F7B51D21BC207100F8BB00 /* Provider+CoreDataProperties.swift in Sources */,
				C6F7B51C21BC207100F8BB00 /* Provider+CoreDataClass.swift in Sources */,
				C6F9E59C21AC8C29005B3250 /* Food.xcdatamodeld in Sources */,
				C6F9E5A921AC93D6005B3250 /* DetailsViewController.swift in Sources */,
			);
			runOnlyForDeploymentPostprocessing = 0;
		};
/* End PBXSourcesBuildPhase section */

/* Begin PBXVariantGroup section */
		C6F9E59721AC8C29005B3250 /* Main.storyboard */ = {
			isa = PBXVariantGroup;
			children = (
				C6F9E59821AC8C29005B3250 /* Base */,
			);
			name = Main.storyboard;
			sourceTree = "<group>";
		};
		C6F9E59F21AC8C2D005B3250 /* LaunchScreen.storyboard */ = {
			isa = PBXVariantGroup;
			children = (
				C6F9E5A021AC8C2D005B3250 /* Base */,
			);
			name = LaunchScreen.storyboard;
			sourceTree = "<group>";
		};
/* End PBXVariantGroup section */

/* Begin XCBuildConfiguration section */
		C6F9E5A321AC8C2D005B3250 /* Debug */ = {
			isa = XCBuildConfiguration;
			buildSettings = {
				ALWAYS_SEARCH_USER_PATHS = NO;
				CLANG_ANALYZER_NONNULL = YES;
				CLANG_ANALYZER_NUMBER_OBJECT_CONVERSION = YES_AGGRESSIVE;
				CLANG_CXX_LANGUAGE_STANDARD = "gnu++14";
				CLANG_CXX_LIBRARY = "libc++";
				CLANG_ENABLE_MODULES = YES;
				CLANG_ENABLE_OBJC_ARC = YES;
				CLANG_ENABLE_OBJC_WEAK = YES;
				CLANG_WARN_BLOCK_CAPTURE_AUTORELEASING = YES;
				CLANG_WARN_BOOL_CONVERSION = YES;
				CLANG_WARN_COMMA = YES;
				CLANG_WARN_CONSTANT_CONVERSION = YES;
				CLANG_WARN_DEPRECATED_OBJC_IMPLEMENTATIONS = YES;
				CLANG_WARN_DIRECT_OBJC_ISA_USAGE = YES_ERROR;
				CLANG_WARN_DOCUMENTATION_COMMENTS = YES;
				CLANG_WARN_EMPTY_BODY = YES;
				CLANG_WARN_ENUM_CONVERSION = YES;
				CLANG_WARN_INFINITE_RECURSION = YES;
				CLANG_WARN_INT_CONVERSION = YES;
				CLANG_WARN_NON_LITERAL_NULL_CONVERSION = YES;
				CLANG_WARN_OBJC_IMPLICIT_RETAIN_SELF = YES;
				CLANG_WARN_OBJC_LITERAL_CONVERSION = YES;
				CLANG_WARN_OBJC_ROOT_CLASS = YES_ERROR;
				CLANG_WARN_RANGE_LOOP_ANALYSIS = YES;
				CLANG_WARN_STRICT_PROTOTYPES = YES;
				CLANG_WARN_SUSPICIOUS_MOVE = YES;
				CLANG_WARN_UNGUARDED_AVAILABILITY = YES_AGGRESSIVE;
				CLANG_WARN_UNREACHABLE_CODE = YES;
				CLANG_WARN__DUPLICATE_METHOD_MATCH = YES;
				CODE_SIGN_IDENTITY = "iPhone Developer";
				COPY_PHASE_STRIP = NO;
				DEBUG_INFORMATION_FORMAT = dwarf;
				ENABLE_STRICT_OBJC_MSGSEND = YES;
				ENABLE_TESTABILITY = YES;
				GCC_C_LANGUAGE_STANDARD = gnu11;
				GCC_DYNAMIC_NO_PIC = NO;
				GCC_NO_COMMON_BLOCKS = YES;
				GCC_OPTIMIZATION_LEVEL = 0;
				GCC_PREPROCESSOR_DEFINITIONS = (
					"DEBUG=1",
					"$(inherited)",
				);
				GCC_WARN_64_TO_32_BIT_CONVERSION = YES;
				GCC_WARN_ABOUT_RETURN_TYPE = YES_ERROR;
				GCC_WARN_UNDECLARED_SELECTOR = YES;
				GCC_WARN_UNINITIALIZED_AUTOS = YES_AGGRESSIVE;
				GCC_WARN_UNUSED_FUNCTION = YES;
				GCC_WARN_UNUSED_VARIABLE = YES;
				IPHONEOS_DEPLOYMENT_TARGET = 12.0;
				MTL_ENABLE_DEBUG_INFO = INCLUDE_SOURCE;
				MTL_FAST_MATH = YES;
				ONLY_ACTIVE_ARCH = YES;
				SDKROOT = iphoneos;
				SWIFT_ACTIVE_COMPILATION_CONDITIONS = DEBUG;
				SWIFT_OPTIMIZATION_LEVEL = "-Onone";
			};
			name = Debug;
		};
		C6F9E5A421AC8C2D005B3250 /* Release */ = {
			isa = XCBuildConfiguration;
			buildSettings = {
				ALWAYS_SEARCH_USER_PATHS = NO;
				CLANG_ANALYZER_NONNULL = YES;
				CLANG_ANALYZER_NUMBER_OBJECT_CONVERSION = YES_AGGRESSIVE;
				CLANG_CXX_LANGUAGE_STANDARD = "gnu++14";
				CLANG_CXX_LIBRARY = "libc++";
				CLANG_ENABLE_MODULES = YES;
				CLANG_ENABLE_OBJC_ARC = YES;
				CLANG_ENABLE_OBJC_WEAK = YES;
				CLANG_WARN_BLOCK_CAPTURE_AUTORELEASING = YES;
				CLANG_WARN_BOOL_CONVERSION = YES;
				CLANG_WARN_COMMA = YES;
				CLANG_WARN_CONSTANT_CONVERSION = YES;
				CLANG_WARN_DEPRECATED_OBJC_IMPLEMENTATIONS = YES;
				CLANG_WARN_DIRECT_OBJC_ISA_USAGE = YES_ERROR;
				CLANG_WARN_DOCUMENTATION_COMMENTS = YES;
				CLANG_WARN_EMPTY_BODY = YES;
				CLANG_WARN_ENUM_CONVERSION = YES;
				CLANG_WARN_INFINITE_RECURSION = YES;
				CLANG_WARN_INT_CONVERSION = YES;
				CLANG_WARN_NON_LITERAL_NULL_CONVERSION = YES;
				CLANG_WARN_OBJC_IMPLICIT_RETAIN_SELF = YES;
				CLANG_WARN_OBJC_LITERAL_CONVERSION = YES;
				CLANG_WARN_OBJC_ROOT_CLASS = YES_ERROR;
				CLANG_WARN_RANGE_LOOP_ANALYSIS = YES;
				CLANG_WARN_STRICT_PROTOTYPES = YES;
				CLANG_WARN_SUSPICIOUS_MOVE = YES;
				CLANG_WARN_UNGUARDED_AVAILABILITY = YES_AGGRESSIVE;
				CLANG_WARN_UNREACHABLE_CODE = YES;
				CLANG_WARN__DUPLICATE_METHOD_MATCH = YES;
				CODE_SIGN_IDENTITY = "iPhone Developer";
				COPY_PHASE_STRIP = NO;
				DEBUG_INFORMATION_FORMAT = "dwarf-with-dsym";
				ENABLE_NS_ASSERTIONS = NO;
				ENABLE_STRICT_OBJC_MSGSEND = YES;
				GCC_C_LANGUAGE_STANDARD = gnu11;
				GCC_NO_COMMON_BLOCKS = YES;
				GCC_WARN_64_TO_32_BIT_CONVERSION = YES;
				GCC_WARN_ABOUT_RETURN_TYPE = YES_ERROR;
				GCC_WARN_UNDECLARED_SELECTOR = YES;
				GCC_WARN_UNINITIALIZED_AUTOS = YES_AGGRESSIVE;
				GCC_WARN_UNUSED_FUNCTION = YES;
				GCC_WARN_UNUSED_VARIABLE = YES;
				IPHONEOS_DEPLOYMENT_TARGET = 12.0;
				MTL_ENABLE_DEBUG_INFO = NO;
				MTL_FAST_MATH = YES;
				SDKROOT = iphoneos;
				SWIFT_COMPILATION_MODE = wholemodule;
				SWIFT_OPTIMIZATION_LEVEL = "-O";
				VALIDATE_PRODUCT = YES;
			};
			name = Release;
		};
		C6F9E5A621AC8C2D005B3250 /* Debug */ = {
			isa = XCBuildConfiguration;
			buildSettings = {
				ASSETCATALOG_COMPILER_APPICON_NAME = AppIcon;
				CODE_SIGN_IDENTITY = "iPhone Developer";
				CODE_SIGN_STYLE = Automatic;
				DEVELOPMENT_TEAM = "";
				INFOPLIST_FILE = Food/Info.plist;
				IPHONEOS_DEPLOYMENT_TARGET = 11.4;
				LD_RUNPATH_SEARCH_PATHS = (
					"$(inherited)",
					"@executable_path/Frameworks",
				);
				PRODUCT_BUNDLE_IDENTIFIER = com.vladapp.Food;
				PRODUCT_NAME = "$(TARGET_NAME)";
				PROVISIONING_PROFILE_SPECIFIER = "";
				SWIFT_VERSION = 4.2;
				TARGETED_DEVICE_FAMILY = "1,2";
			};
			name = Debug;
		};
		C6F9E5A721AC8C2D005B3250 /* Release */ = {
			isa = XCBuildConfiguration;
			buildSettings = {
				ASSETCATALOG_COMPILER_APPICON_NAME = AppIcon;
				CODE_SIGN_IDENTITY = "iPhone Developer";
				CODE_SIGN_STYLE = Automatic;
				DEVELOPMENT_TEAM = "";
				INFOPLIST_FILE = Food/Info.plist;
				IPHONEOS_DEPLOYMENT_TARGET = 11.4;
				LD_RUNPATH_SEARCH_PATHS = (
					"$(inherited)",
					"@executable_path/Frameworks",
				);
				PRODUCT_BUNDLE_IDENTIFIER = com.vladapp.Food;
				PRODUCT_NAME = "$(TARGET_NAME)";
				PROVISIONING_PROFILE_SPECIFIER = "";
				SWIFT_VERSION = 4.2;
				TARGETED_DEVICE_FAMILY = "1,2";
			};
			name = Release;
		};
/* End XCBuildConfiguration section */

/* Begin XCConfigurationList section */
		C6F9E58B21AC8C29005B3250 /* Build configuration list for PBXProject "Food" */ = {
			isa = XCConfigurationList;
			buildConfigurations = (
				C6F9E5A321AC8C2D005B3250 /* Debug */,
				C6F9E5A421AC8C2D005B3250 /* Release */,
			);
			defaultConfigurationIsVisible = 0;
			defaultConfigurationName = Release;
		};
		C6F9E5A521AC8C2D005B3250 /* Build configuration list for PBXNativeTarget "Food" */ = {
			isa = XCConfigurationList;
			buildConfigurations = (
				C6F9E5A621AC8C2D005B3250 /* Debug */,
				C6F9E5A721AC8C2D005B3250 /* Release */,
			);
			defaultConfigurationIsVisible = 0;
			defaultConfigurationName = Release;
		};
/* End XCConfigurationList section */

/* Begin XCVersionGroup section */
		C6F9E59A21AC8C29005B3250 /* Food.xcdatamodeld */ = {
			isa = XCVersionGroup;
			children = (
				C6F9E59B21AC8C29005B3250 /* Food.xcdatamodel */,
			);
			currentVersion = C6F9E59B21AC8C29005B3250 /* Food.xcdatamodel */;
			path = Food.xcdatamodeld;
			sourceTree = "<group>";
			versionGroupType = wrapper.xcdatamodel;
		};
/* End XCVersionGroup section */
	};
	rootObject = C6F9E58821AC8C29005B3250 /* Project object */;
}
